
Microsoft Visual Studio Solution File, Format Version 12.00
Project("{2150E333-8FDC-42A3-9474-1A3956D46DE8}") = "src", "src", "{827E0CD3-B72D-47B6-A68D-7590B98EB39B}"
EndProject
Project("{FAE04EC0-301F-11D3-BF4B-00C04F79EFBC}") = "ECommerce.Domain", "src\ECommerce.Domain\ECommerce.Domain.csproj", "{7A501030-729F-493D-BCBF-BF6C110FA5F8}"
EndProject
Project("{FAE04EC0-301F-11D3-BF4B-00C04F79EFBC}") = "ECommerce.Application", "src\ECommerce.Application\ECommerce.Application.csproj", "{393B9A9E-6AEA-4584-A28C-37399C95B645}"
EndProject
Project("{FAE04EC0-301F-11D3-BF4B-00C04F79EFBC}") = "ECommerce.Infrastructure", "src\ECommerce.Infrastructure\ECommerce.Infrastructure.csproj", "{8FD260F3-2D59-4BB5-9611-A9573A6261E9}"
EndProject
Project("{FAE04EC0-301F-11D3-BF4B-00C04F79EFBC}") = "ECommerce.API", "src\ECommerce.API\ECommerce.API.csproj", "{4D741B64-3FC9-4744-87D9-75C6B4E38892}"
EndProject
Project("{2150E333-8FDC-42A3-9474-1A3956D46DE8}") = "tests", "tests", "{0AB3BF05-4346-4AA6-1389-037BE0695223}"
EndProject
Project("{FAE04EC0-301F-11D3-BF4B-00C04F79EFBC}") = "ECommerce.Application.Tests", "tests\ECommerce.Application.Tests\ECommerce.Application.Tests.csproj", "{C759E47C-767F-4A84-8A52-BE987E33085F}"
EndProject
Global
	GlobalSection(SolutionConfigurationPlatforms) = preSolution
		Debug|Any CPU = Debug|Any CPU
		Debug|x64 = Debug|x64
		Debug|x86 = Debug|x86
		Release|Any CPU = Release|Any CPU
		Release|x64 = Release|x64
		Release|x86 = Release|x86
	EndGlobalSection
	GlobalSection(ProjectConfigurationPlatforms) = postSolution
		{7A501030-729F-493D-BCBF-BF6C110FA5F8}.Debug|Any CPU.ActiveCfg = Debug|Any CPU
		{7A501030-729F-493D-BCBF-BF6C110FA5F8}.Debug|Any CPU.Build.0 = Debug|Any CPU
		{7A501030-729F-493D-BCBF-BF6C110FA5F8}.Debug|x64.ActiveCfg = Debug|Any CPU
		{7A501030-729F-493D-BCBF-BF6C110FA5F8}.Debug|x64.Build.0 = Debug|Any CPU
		{7A501030-729F-493D-BCBF-BF6C110FA5F8}.Debug|x86.ActiveCfg = Debug|Any CPU
		{7A501030-729F-493D-BCBF-BF6C110FA5F8}.Debug|x86.Build.0 = Debug|Any CPU
		{7A501030-729F-493D-BCBF-BF6C110FA5F8}.Release|Any CPU.ActiveCfg = Release|Any CPU
		{7A501030-729F-493D-BCBF-BF6C110FA5F8}.Release|Any CPU.Build.0 = Release|Any CPU
		{7A501030-729F-493D-BCBF-BF6C110FA5F8}.Release|x64.ActiveCfg = Release|Any CPU
		{7A501030-729F-493D-BCBF-BF6C110FA5F8}.Release|x64.Build.0 = Release|Any CPU
		{7A501030-729F-493D-BCBF-BF6C110FA5F8}.Release|x86.ActiveCfg = Release|Any CPU
		{7A501030-729F-493D-BCBF-BF6C110FA5F8}.Release|x86.Build.0 = Release|Any CPU
		{393B9A9E-6AEA-4584-A28C-37399C95B645}.Debug|Any CPU.ActiveCfg = Debug|Any CPU
		{393B9A9E-6AEA-4584-A28C-37399C95B645}.Debug|Any CPU.Build.0 = Debug|Any CPU
		{393B9A9E-6AEA-4584-A28C-37399C95B645}.Debug|x64.ActiveCfg = Debug|Any CPU
		{393B9A9E-6AEA-4584-A28C-37399C95B645}.Debug|x64.Build.0 = Debug|Any CPU
		{393B9A9E-6AEA-4584-A28C-37399C95B645}.Debug|x86.ActiveCfg = Debug|Any CPU
		{393B9A9E-6AEA-4584-A28C-37399C95B645}.Debug|x86.Build.0 = Debug|Any CPU
		{393B9A9E-6AEA-4584-A28C-37399C95B645}.Release|Any CPU.ActiveCfg = Release|Any CPU
		{393B9A9E-6AEA-4584-A28C-37399C95B645}.Release|Any CPU.Build.0 = Release|Any CPU
		{393B9A9E-6AEA-4584-A28C-37399C95B645}.Release|x64.ActiveCfg = Release|Any CPU
		{393B9A9E-6AEA-4584-A28C-37399C95B645}.Release|x64.Build.0 = Release|Any CPU
		{393B9A9E-6AEA-4584-A28C-37399C95B645}.Release|x86.ActiveCfg = Release|Any CPU
		{393B9A9E-6AEA-4584-A28C-37399C95B645}.Release|x86.Build.0 = Release|Any CPU
		{8FD260F3-2D59-4BB5-9611-A9573A6261E9}.Debug|Any CPU.ActiveCfg = Debug|Any CPU
		{8FD260F3-2D59-4BB5-9611-A9573A6261E9}.Debug|Any CPU.Build.0 = Debug|Any CPU
		{8FD260F3-2D59-4BB5-9611-A9573A6261E9}.Debug|x64.ActiveCfg = Debug|Any CPU
		{8FD260F3-2D59-4BB5-9611-A9573A6261E9}.Debug|x64.Build.0 = Debug|Any CPU
		{8FD260F3-2D59-4BB5-9611-A9573A6261E9}.Debug|x86.ActiveCfg = Debug|Any CPU
		{8FD260F3-2D59-4BB5-9611-A9573A6261E9}.Debug|x86.Build.0 = Debug|Any CPU
		{8FD260F3-2D59-4BB5-9611-A9573A6261E9}.Release|Any CPU.ActiveCfg = Release|Any CPU
		{8FD260F3-2D59-4BB5-9611-A9573A6261E9}.Release|Any CPU.Build.0 = Release|Any CPU
		{8FD260F3-2D59-4BB5-9611-A9573A6261E9}.Release|x64.ActiveCfg = Release|Any CPU
		{8FD260F3-2D59-4BB5-9611-A9573A6261E9}.Release|x64.Build.0 = Release|Any CPU
		{8FD260F3-2D59-4BB5-9611-A9573A6261E9}.Release|x86.ActiveCfg = Release|Any CPU
		{8FD260F3-2D59-4BB5-9611-A9573A6261E9}.Release|x86.Build.0 = Release|Any CPU
		{4D741B64-3FC9-4744-87D9-75C6B4E38892}.Debug|Any CPU.ActiveCfg = Debug|Any CPU
		{4D741B64-3FC9-4744-87D9-75C6B4E38892}.Debug|Any CPU.Build.0 = Debug|Any CPU
		{4D741B64-3FC9-4744-87D9-75C6B4E38892}.Debug|x64.ActiveCfg = Debug|Any CPU
		{4D741B64-3FC9-4744-87D9-75C6B4E38892}.Debug|x64.Build.0 = Debug|Any CPU
		{4D741B64-3FC9-4744-87D9-75C6B4E38892}.Debug|x86.ActiveCfg = Debug|Any CPU
		{4D741B64-3FC9-4744-87D9-75C6B4E38892}.Debug|x86.Build.0 = Debug|Any CPU
		{4D741B64-3FC9-4744-87D9-75C6B4E38892}.Release|Any CPU.ActiveCfg = Release|Any CPU
		{4D741B64-3FC9-4744-87D9-75C6B4E38892}.Release|Any CPU.Build.0 = Release|Any CPU
		{4D741B64-3FC9-4744-87D9-75C6B4E38892}.Release|x64.ActiveCfg = Release|Any CPU
		{4D741B64-3FC9-4744-87D9-75C6B4E38892}.Release|x64.Build.0 = Release|Any CPU
		{4D741B64-3FC9-4744-87D9-75C6B4E38892}.Release|x86.ActiveCfg = Release|Any CPU
		{4D741B64-3FC9-4744-87D9-75C6B4E38892}.Release|x86.Build.0 = Release|Any CPU
		{C759E47C-767F-4A84-8A52-BE987E33085F}.Debug|Any CPU.ActiveCfg = Debug|Any CPU
		{C759E47C-767F-4A84-8A52-BE987E33085F}.Debug|Any CPU.Build.0 = Debug|Any CPU
		{C759E47C-767F-4A84-8A52-BE987E33085F}.Debug|x64.ActiveCfg = Debug|Any CPU
		{C759E47C-767F-4A84-8A52-BE987E33085F}.Debug|x64.Build.0 = Debug|Any CPU
		{C759E47C-767F-4A84-8A52-BE987E33085F}.Debug|x86.ActiveCfg = Debug|Any CPU
		{C759E47C-767F-4A84-8A52-BE987E33085F}.Debug|x86.Build.0 = Debug|Any CPU
		{C759E47C-767F-4A84-8A52-BE987E33085F}.Release|Any CPU.ActiveCfg = Release|Any CPU
		{C759E47C-767F-4A84-8A52-BE987E33085F}.Release|Any CPU.Build.0 = Release|Any CPU
		{C759E47C-767F-4A84-8A52-BE987E33085F}.Release|x64.ActiveCfg = Release|Any CPU
		{C759E47C-767F-4A84-8A52-BE987E33085F}.Release|x64.Build.0 = Release|Any CPU
		{C759E47C-767F-4A84-8A52-BE987E33085F}.Release|x86.ActiveCfg = Release|Any CPU
		{C759E47C-767F-4A84-8A52-BE987E33085F}.Release|x86.Build.0 = Release|Any CPU
	EndGlobalSection
	GlobalSection(SolutionProperties) = preSolution
		HideSolutionNode = FALSE
	EndGlobalSection
	GlobalSection(NestedProjects) = preSolution
		{7A501030-729F-493D-BCBF-BF6C110FA5F8} = {827E0CD3-B72D-47B6-A68D-7590B98EB39B}
		{393B9A9E-6AEA-4584-A28C-37399C95B645} = {827E0CD3-B72D-47B6-A68D-7590B98EB39B}
		{8FD260F3-2D59-4BB5-9611-A9573A6261E9} = {827E0CD3-B72D-47B6-A68D-7590B98EB39B}
		{4D741B64-3FC9-4744-87D9-75C6B4E38892} = {827E0CD3-B72D-47B6-A68D-7590B98EB39B}
		{C759E47C-767F-4A84-8A52-BE987E33085F} = {0AB3BF05-4346-4AA6-1389-037BE0695223}
	EndGlobalSection
EndGlobal
